
Microsoft Visual Studio Solution File, Format Version 12.00
# Visual Studio 15
VisualStudioVersion = 15.0.28307.489
MinimumVisualStudioVersion = 10.0.40219.1
Project("{2150E333-8FDC-42A3-9474-1A3956D46DE8}") = "Services", "Services", "{530F98E6-E80A-4078-8FAB-F724C8C5838A}"
EndProject
Project("{2150E333-8FDC-42A3-9474-1A3956D46DE8}") = "Web", "Web", "{80D28247-78B8-4D1C-BC72-081A84D75A12}"
EndProject
Project("{9A19103F-16F7-4668-BE54-9A1E7A4F7556}") = "SowConnect.Web", "Web\SowConnect.Web\SowConnect.Web.csproj", "{5C7865D7-AA6D-4688-A2AE-D219DF7B56F6}"
EndProject
Project("{FAE04EC0-301F-11D3-BF4B-00C04F79EFBC}") = "SowConnect.API", "Services\SowConnect.API\SowConnect.API.csproj", "{646795D8-9D27-42D9-B023-7481E661EF52}"
EndProject
Global
	GlobalSection(SolutionConfigurationPlatforms) = preSolution
		Debug|Any CPU = Debug|Any CPU
		Release|Any CPU = Release|Any CPU
	EndGlobalSection
	GlobalSection(ProjectConfigurationPlatforms) = postSolution
		{5C7865D7-AA6D-4688-A2AE-D219DF7B56F6}.Debug|Any CPU.ActiveCfg = Debug|Any CPU
		{5C7865D7-AA6D-4688-A2AE-D219DF7B56F6}.Debug|Any CPU.Build.0 = Debug|Any CPU
		{5C7865D7-AA6D-4688-A2AE-D219DF7B56F6}.Release|Any CPU.ActiveCfg = Release|Any CPU
		{5C7865D7-AA6D-4688-A2AE-D219DF7B56F6}.Release|Any CPU.Build.0 = Release|Any CPU
		{646795D8-9D27-42D9-B023-7481E661EF52}.Debug|Any CPU.ActiveCfg = Debug|Any CPU
		{646795D8-9D27-42D9-B023-7481E661EF52}.Debug|Any CPU.Build.0 = Debug|Any CPU
		{646795D8-9D27-42D9-B023-7481E661EF52}.Release|Any CPU.ActiveCfg = Release|Any CPU
		{646795D8-9D27-42D9-B023-7481E661EF52}.Release|Any CPU.Build.0 = Release|Any CPU
	EndGlobalSection
	GlobalSection(SolutionProperties) = preSolution
		HideSolutionNode = FALSE
	EndGlobalSection
	GlobalSection(NestedProjects) = preSolution
		{5C7865D7-AA6D-4688-A2AE-D219DF7B56F6} = {80D28247-78B8-4D1C-BC72-081A84D75A12}
		{646795D8-9D27-42D9-B023-7481E661EF52} = {530F98E6-E80A-4078-8FAB-F724C8C5838A}
	EndGlobalSection
	GlobalSection(ExtensibilityGlobals) = postSolution
		SolutionGuid = {D77E689A-207D-4B65-85B2-04562DD6ABB5}
	EndGlobalSection
EndGlobal
