
Microsoft Visual Studio Solution File, Format Version 12.00
# Visual Studio 15
VisualStudioVersion = 15.0.28307.489
MinimumVisualStudioVersion = 10.0.40219.1
Project("{2150E333-8FDC-42A3-9474-1A3956D46DE8}") = "Services", "Services", "{530F98E6-E80A-4078-8FAB-F724C8C5838A}"
EndProject
Project("{2150E333-8FDC-42A3-9474-1A3956D46DE8}") = "Web", "Web", "{80D28247-78B8-4D1C-BC72-081A84D75A12}"
EndProject
Project("{FAE04EC0-301F-11D3-BF4B-00C04F79EFBC}") = "SowConnect.Web", "Web\SowConnect.Web\SowConnect.Web.csproj", "{5C7865D7-AA6D-4688-A2AE-D219DF7B56F6}"
EndProject
Project("{2150E333-8FDC-42A3-9474-1A3956D46DE8}") = "Cadastro.API", "Cadastro.API", "{E5565E94-78DD-4D9E-A3D1-4EB6A4CC33A6}"
EndProject
Project("{FAE04EC0-301F-11D3-BF4B-00C04F79EFBC}") = "SowConnect.Cadastro.API", "Services\Cadastro.API\SowConnect.Cadastro.API\SowConnect.Cadastro.API.csproj", "{B404B712-2497-43CF-956C-02C52268831B}"
EndProject
Project("{2150E333-8FDC-42A3-9474-1A3956D46DE8}") = "Transacao.API", "Transacao.API", "{81819A4A-0C0B-4E2F-ACCA-E14E6FC890FB}"
EndProject
Project("{FAE04EC0-301F-11D3-BF4B-00C04F79EFBC}") = "SowConnect.Transacao.API", "Services\Transacao.API\SowConnect.Transacao.API\SowConnect.Transacao.API.csproj", "{57319356-2D9B-4745-BBFA-DF62AD80FE05}"
EndProject
Global
	GlobalSection(SolutionConfigurationPlatforms) = preSolution
		Debug|Any CPU = Debug|Any CPU
		Release|Any CPU = Release|Any CPU
	EndGlobalSection
	GlobalSection(ProjectConfigurationPlatforms) = postSolution
		{5C7865D7-AA6D-4688-A2AE-D219DF7B56F6}.Debug|Any CPU.ActiveCfg = Debug|Any CPU
		{5C7865D7-AA6D-4688-A2AE-D219DF7B56F6}.Debug|Any CPU.Build.0 = Debug|Any CPU
		{5C7865D7-AA6D-4688-A2AE-D219DF7B56F6}.Release|Any CPU.ActiveCfg = Release|Any CPU
		{5C7865D7-AA6D-4688-A2AE-D219DF7B56F6}.Release|Any CPU.Build.0 = Release|Any CPU
		{B404B712-2497-43CF-956C-02C52268831B}.Debug|Any CPU.ActiveCfg = Debug|Any CPU
		{B404B712-2497-43CF-956C-02C52268831B}.Debug|Any CPU.Build.0 = Debug|Any CPU
		{B404B712-2497-43CF-956C-02C52268831B}.Release|Any CPU.ActiveCfg = Release|Any CPU
		{B404B712-2497-43CF-956C-02C52268831B}.Release|Any CPU.Build.0 = Release|Any CPU
		{57319356-2D9B-4745-BBFA-DF62AD80FE05}.Debug|Any CPU.ActiveCfg = Debug|Any CPU
		{57319356-2D9B-4745-BBFA-DF62AD80FE05}.Debug|Any CPU.Build.0 = Debug|Any CPU
		{57319356-2D9B-4745-BBFA-DF62AD80FE05}.Release|Any CPU.ActiveCfg = Release|Any CPU
		{57319356-2D9B-4745-BBFA-DF62AD80FE05}.Release|Any CPU.Build.0 = Release|Any CPU
	EndGlobalSection
	GlobalSection(SolutionProperties) = preSolution
		HideSolutionNode = FALSE
	EndGlobalSection
	GlobalSection(NestedProjects) = preSolution
		{5C7865D7-AA6D-4688-A2AE-D219DF7B56F6} = {80D28247-78B8-4D1C-BC72-081A84D75A12}
		{E5565E94-78DD-4D9E-A3D1-4EB6A4CC33A6} = {530F98E6-E80A-4078-8FAB-F724C8C5838A}
		{B404B712-2497-43CF-956C-02C52268831B} = {E5565E94-78DD-4D9E-A3D1-4EB6A4CC33A6}
		{81819A4A-0C0B-4E2F-ACCA-E14E6FC890FB} = {530F98E6-E80A-4078-8FAB-F724C8C5838A}
		{57319356-2D9B-4745-BBFA-DF62AD80FE05} = {81819A4A-0C0B-4E2F-ACCA-E14E6FC890FB}
	EndGlobalSection
	GlobalSection(ExtensibilityGlobals) = postSolution
		SolutionGuid = {D77E689A-207D-4B65-85B2-04562DD6ABB5}
	EndGlobalSection
EndGlobal
